// !$*UTF8*$!
{
	archiveVersion = 1;
	classes = {
	};
	objectVersion = 56;
	objects = {

/* Begin PBXBuildFile section */
		6B0038152C99CB5400BA27A3 /* PlayGroundView.swift in Sources */ = {isa = PBXBuildFile; fileRef = 6B0038142C99CB5400BA27A3 /* PlayGroundView.swift */; };
		6B0038192C9A2D3800BA27A3 /* StudentSignUpView.swift in Sources */ = {isa = PBXBuildFile; fileRef = 6B0038182C9A2D3800BA27A3 /* StudentSignUpView.swift */; };
		6B00381B2C9A765600BA27A3 /* StudentHomeModel.swift in Sources */ = {isa = PBXBuildFile; fileRef = 6B00381A2C9A765600BA27A3 /* StudentHomeModel.swift */; };
		6B00381D2C9A76EA00BA27A3 /* StudentHomeViewModel.swift in Sources */ = {isa = PBXBuildFile; fileRef = 6B00381C2C9A76EA00BA27A3 /* StudentHomeViewModel.swift */; };
		6B00381F2C9A7DEA00BA27A3 /* SignUpViewModel.swift in Sources */ = {isa = PBXBuildFile; fileRef = 6B00381E2C9A7DEA00BA27A3 /* SignUpViewModel.swift */; };
		6B0038212C9A7E0B00BA27A3 /* SignUpModel.swift in Sources */ = {isa = PBXBuildFile; fileRef = 6B0038202C9A7E0B00BA27A3 /* SignUpModel.swift */; };
		6B0038232C9A811A00BA27A3 /* AdminDashboardView.swift in Sources */ = {isa = PBXBuildFile; fileRef = 6B0038222C9A811A00BA27A3 /* AdminDashboardView.swift */; };
		6B0038252C9A812B00BA27A3 /* AdminHomeView.swift in Sources */ = {isa = PBXBuildFile; fileRef = 6B0038242C9A812B00BA27A3 /* AdminHomeView.swift */; };
		6B0038272C9A815300BA27A3 /* AdminManageComplaintsView.swift in Sources */ = {isa = PBXBuildFile; fileRef = 6B0038262C9A815300BA27A3 /* AdminManageComplaintsView.swift */; };
		6B0038292C9A818200BA27A3 /* AdminProfileView.swift in Sources */ = {isa = PBXBuildFile; fileRef = 6B0038282C9A818200BA27A3 /* AdminProfileView.swift */; };
		6B00382B2C9A824100BA27A3 /* AdminHomeViewModel.swift in Sources */ = {isa = PBXBuildFile; fileRef = 6B00382A2C9A824100BA27A3 /* AdminHomeViewModel.swift */; };
		6B00382D2C9A83E800BA27A3 /* AdminHomeModel.swift in Sources */ = {isa = PBXBuildFile; fileRef = 6B00382C2C9A83E800BA27A3 /* AdminHomeModel.swift */; };
		6B5926502CDE93290072A8E3 /* ChatView.swift in Sources */ = {isa = PBXBuildFile; fileRef = 6B59264F2CDE93290072A8E3 /* ChatView.swift */; };
		6B5926522CDE9FE40072A8E3 /* ChatBubble.swift in Sources */ = {isa = PBXBuildFile; fileRef = 6B5926512CDE9FE30072A8E3 /* ChatBubble.swift */; };
		6B5926542CDEA0350072A8E3 /* ChatBubbleShape.swift in Sources */ = {isa = PBXBuildFile; fileRef = 6B5926532CDEA0350072A8E3 /* ChatBubbleShape.swift */; };
		6B8B21EC2C99936600EDB09B /* RoleSelectionView.swift in Sources */ = {isa = PBXBuildFile; fileRef = 6B8B21EB2C99936600EDB09B /* RoleSelectionView.swift */; };
		6B8B21EE2C99964D00EDB09B /* AdminLoginView.swift in Sources */ = {isa = PBXBuildFile; fileRef = 6B8B21ED2C99964D00EDB09B /* AdminLoginView.swift */; };
		6B8B21F02C99965A00EDB09B /* StudentLoginView.swift in Sources */ = {isa = PBXBuildFile; fileRef = 6B8B21EF2C99965A00EDB09B /* StudentLoginView.swift */; };
		6B8B21F42C99AC2500EDB09B /* StudentTabView.swift in Sources */ = {isa = PBXBuildFile; fileRef = 6B8B21F32C99AC2500EDB09B /* StudentTabView.swift */; };
		6B8B21F62C99ADC400EDB09B /* StudentHomeView.swift in Sources */ = {isa = PBXBuildFile; fileRef = 6B8B21F52C99ADC400EDB09B /* StudentHomeView.swift */; };
		6B8B21F82C99ADDC00EDB09B /* StudentComplaintBookView.swift in Sources */ = {isa = PBXBuildFile; fileRef = 6B8B21F72C99ADDC00EDB09B /* StudentComplaintBookView.swift */; };
		6B8B21FA2C99ADF000EDB09B /* StudentProfileView.swift in Sources */ = {isa = PBXBuildFile; fileRef = 6B8B21F92C99ADF000EDB09B /* StudentProfileView.swift */; };
		6BCEC0612CE0CEEB0012AFCC /* ChatService.swift in Sources */ = {isa = PBXBuildFile; fileRef = 6BCEC0602CE0CEEB0012AFCC /* ChatService.swift */; };
		6BCEC0652CE222530012AFCC /* StudentLoginModel.swift in Sources */ = {isa = PBXBuildFile; fileRef = 6BCEC0642CE222530012AFCC /* StudentLoginModel.swift */; };
		6BCEC0672CE223760012AFCC /* StudentLoginViewModel.swift in Sources */ = {isa = PBXBuildFile; fileRef = 6BCEC0662CE223760012AFCC /* StudentLoginViewModel.swift */; };
		6BCEC06B2CE25E310012AFCC /* StudentComplaintModel.swift in Sources */ = {isa = PBXBuildFile; fileRef = 6BCEC06A2CE25E310012AFCC /* StudentComplaintModel.swift */; };
		6BCEC06D2CE25E990012AFCC /* StudentComplaintViewModel.swift in Sources */ = {isa = PBXBuildFile; fileRef = 6BCEC06C2CE25E990012AFCC /* StudentComplaintViewModel.swift */; };
		6BCEC06F2CE277D80012AFCC /* StudentComplaintDetailView.swift in Sources */ = {isa = PBXBuildFile; fileRef = 6BCEC06E2CE277D80012AFCC /* StudentComplaintDetailView.swift */; };
		6BCEC0712CE29C990012AFCC /* OTPActions.swift in Sources */ = {isa = PBXBuildFile; fileRef = 6BCEC0702CE29C990012AFCC /* OTPActions.swift */; };
		6BCEC0732CE2C43E0012AFCC /* CreateComplaint.swift in Sources */ = {isa = PBXBuildFile; fileRef = 6BCEC0722CE2C43E0012AFCC /* CreateComplaint.swift */; };
		6BDA10852C9979490081F36F /* HostelManagerApp.swift in Sources */ = {isa = PBXBuildFile; fileRef = 6BDA10842C9979490081F36F /* HostelManagerApp.swift */; };
		6BDA10872C9979490081F36F /* ContentView.swift in Sources */ = {isa = PBXBuildFile; fileRef = 6BDA10862C9979490081F36F /* ContentView.swift */; };
		6BDA10892C99794C0081F36F /* Assets.xcassets in Resources */ = {isa = PBXBuildFile; fileRef = 6BDA10882C99794C0081F36F /* Assets.xcassets */; };
		6BDA108C2C99794C0081F36F /* Preview Assets.xcassets in Resources */ = {isa = PBXBuildFile; fileRef = 6BDA108B2C99794C0081F36F /* Preview Assets.xcassets */; };
/* End PBXBuildFile section */

/* Begin PBXFileReference section */
		6B0038142C99CB5400BA27A3 /* PlayGroundView.swift */ = {isa = PBXFileReference; lastKnownFileType = sourcecode.swift; path = PlayGroundView.swift; sourceTree = "<group>"; };
		6B0038182C9A2D3800BA27A3 /* StudentSignUpView.swift */ = {isa = PBXFileReference; lastKnownFileType = sourcecode.swift; path = StudentSignUpView.swift; sourceTree = "<group>"; };
		6B00381A2C9A765600BA27A3 /* StudentHomeModel.swift */ = {isa = PBXFileReference; lastKnownFileType = sourcecode.swift; path = StudentHomeModel.swift; sourceTree = "<group>"; };
		6B00381C2C9A76EA00BA27A3 /* StudentHomeViewModel.swift */ = {isa = PBXFileReference; lastKnownFileType = sourcecode.swift; path = StudentHomeViewModel.swift; sourceTree = "<group>"; };
		6B00381E2C9A7DEA00BA27A3 /* SignUpViewModel.swift */ = {isa = PBXFileReference; lastKnownFileType = sourcecode.swift; path = SignUpViewModel.swift; sourceTree = "<group>"; };
		6B0038202C9A7E0B00BA27A3 /* SignUpModel.swift */ = {isa = PBXFileReference; lastKnownFileType = sourcecode.swift; path = SignUpModel.swift; sourceTree = "<group>"; };
		6B0038222C9A811A00BA27A3 /* AdminDashboardView.swift */ = {isa = PBXFileReference; lastKnownFileType = sourcecode.swift; path = AdminDashboardView.swift; sourceTree = "<group>"; };
		6B0038242C9A812B00BA27A3 /* AdminHomeView.swift */ = {isa = PBXFileReference; lastKnownFileType = sourcecode.swift; path = AdminHomeView.swift; sourceTree = "<group>"; };
		6B0038262C9A815300BA27A3 /* AdminManageComplaintsView.swift */ = {isa = PBXFileReference; lastKnownFileType = sourcecode.swift; path = AdminManageComplaintsView.swift; sourceTree = "<group>"; };
		6B0038282C9A818200BA27A3 /* AdminProfileView.swift */ = {isa = PBXFileReference; lastKnownFileType = sourcecode.swift; path = AdminProfileView.swift; sourceTree = "<group>"; };
		6B00382A2C9A824100BA27A3 /* AdminHomeViewModel.swift */ = {isa = PBXFileReference; lastKnownFileType = sourcecode.swift; path = AdminHomeViewModel.swift; sourceTree = "<group>"; };
		6B00382C2C9A83E800BA27A3 /* AdminHomeModel.swift */ = {isa = PBXFileReference; lastKnownFileType = sourcecode.swift; path = AdminHomeModel.swift; sourceTree = "<group>"; };
		6B59264F2CDE93290072A8E3 /* ChatView.swift */ = {isa = PBXFileReference; lastKnownFileType = sourcecode.swift; path = ChatView.swift; sourceTree = "<group>"; };
		6B5926512CDE9FE30072A8E3 /* ChatBubble.swift */ = {isa = PBXFileReference; lastKnownFileType = sourcecode.swift; path = ChatBubble.swift; sourceTree = "<group>"; };
		6B5926532CDEA0350072A8E3 /* ChatBubbleShape.swift */ = {isa = PBXFileReference; lastKnownFileType = sourcecode.swift; path = ChatBubbleShape.swift; sourceTree = "<group>"; };
		6B8B21EB2C99936600EDB09B /* RoleSelectionView.swift */ = {isa = PBXFileReference; lastKnownFileType = sourcecode.swift; path = RoleSelectionView.swift; sourceTree = "<group>"; };
		6B8B21ED2C99964D00EDB09B /* AdminLoginView.swift */ = {isa = PBXFileReference; lastKnownFileType = sourcecode.swift; path = AdminLoginView.swift; sourceTree = "<group>"; };
		6B8B21EF2C99965A00EDB09B /* StudentLoginView.swift */ = {isa = PBXFileReference; lastKnownFileType = sourcecode.swift; path = StudentLoginView.swift; sourceTree = "<group>"; };
		6B8B21F32C99AC2500EDB09B /* StudentTabView.swift */ = {isa = PBXFileReference; lastKnownFileType = sourcecode.swift; path = StudentTabView.swift; sourceTree = "<group>"; };
		6B8B21F52C99ADC400EDB09B /* StudentHomeView.swift */ = {isa = PBXFileReference; lastKnownFileType = sourcecode.swift; path = StudentHomeView.swift; sourceTree = "<group>"; };
		6B8B21F72C99ADDC00EDB09B /* StudentComplaintBookView.swift */ = {isa = PBXFileReference; lastKnownFileType = sourcecode.swift; path = StudentComplaintBookView.swift; sourceTree = "<group>"; };
		6B8B21F92C99ADF000EDB09B /* StudentProfileView.swift */ = {isa = PBXFileReference; lastKnownFileType = sourcecode.swift; path = StudentProfileView.swift; sourceTree = "<group>"; };
		6BCEC0602CE0CEEB0012AFCC /* ChatService.swift */ = {isa = PBXFileReference; lastKnownFileType = sourcecode.swift; path = ChatService.swift; sourceTree = "<group>"; };
		6BCEC0642CE222530012AFCC /* StudentLoginModel.swift */ = {isa = PBXFileReference; lastKnownFileType = sourcecode.swift; path = StudentLoginModel.swift; sourceTree = "<group>"; };
		6BCEC0662CE223760012AFCC /* StudentLoginViewModel.swift */ = {isa = PBXFileReference; lastKnownFileType = sourcecode.swift; path = StudentLoginViewModel.swift; sourceTree = "<group>"; };
		6BCEC06A2CE25E310012AFCC /* StudentComplaintModel.swift */ = {isa = PBXFileReference; lastKnownFileType = sourcecode.swift; path = StudentComplaintModel.swift; sourceTree = "<group>"; };
		6BCEC06C2CE25E990012AFCC /* StudentComplaintViewModel.swift */ = {isa = PBXFileReference; lastKnownFileType = sourcecode.swift; path = StudentComplaintViewModel.swift; sourceTree = "<group>"; };
		6BCEC06E2CE277D80012AFCC /* StudentComplaintDetailView.swift */ = {isa = PBXFileReference; lastKnownFileType = sourcecode.swift; path = StudentComplaintDetailView.swift; sourceTree = "<group>"; };
		6BCEC0702CE29C990012AFCC /* OTPActions.swift */ = {isa = PBXFileReference; lastKnownFileType = sourcecode.swift; path = OTPActions.swift; sourceTree = "<group>"; };
		6BCEC0722CE2C43E0012AFCC /* CreateComplaint.swift */ = {isa = PBXFileReference; lastKnownFileType = sourcecode.swift; path = CreateComplaint.swift; sourceTree = "<group>"; };
		6BDA10812C9979490081F36F /* HostelManager.app */ = {isa = PBXFileReference; explicitFileType = wrapper.application; includeInIndex = 0; path = HostelManager.app; sourceTree = BUILT_PRODUCTS_DIR; };
		6BDA10842C9979490081F36F /* HostelManagerApp.swift */ = {isa = PBXFileReference; lastKnownFileType = sourcecode.swift; path = HostelManagerApp.swift; sourceTree = "<group>"; };
		6BDA10862C9979490081F36F /* ContentView.swift */ = {isa = PBXFileReference; lastKnownFileType = sourcecode.swift; path = ContentView.swift; sourceTree = "<group>"; };
		6BDA10882C99794C0081F36F /* Assets.xcassets */ = {isa = PBXFileReference; lastKnownFileType = folder.assetcatalog; path = Assets.xcassets; sourceTree = "<group>"; };
		6BDA108B2C99794C0081F36F /* Preview Assets.xcassets */ = {isa = PBXFileReference; lastKnownFileType = folder.assetcatalog; path = "Preview Assets.xcassets"; sourceTree = "<group>"; };
/* End PBXFileReference section */

/* Begin PBXFrameworksBuildPhase section */
		6BDA107E2C9979490081F36F /* Frameworks */ = {
			isa = PBXFrameworksBuildPhase;
			buildActionMask = 2147483647;
			files = (
			);
			runOnlyForDeploymentPostprocessing = 0;
		};
/* End PBXFrameworksBuildPhase section */

/* Begin PBXGroup section */
		6B59264D2CDE65020072A8E3 /* StudentHome */ = {
			isa = PBXGroup;
			children = (
				6B59264E2CDE93080072A8E3 /* AIChat */,
				6B8B21F52C99ADC400EDB09B /* StudentHomeView.swift */,
				6B00381A2C9A765600BA27A3 /* StudentHomeModel.swift */,
				6B00381C2C9A76EA00BA27A3 /* StudentHomeViewModel.swift */,
			);
			path = StudentHome;
			sourceTree = "<group>";
		};
		6B59264E2CDE93080072A8E3 /* AIChat */ = {
			isa = PBXGroup;
			children = (
				6B59264F2CDE93290072A8E3 /* ChatView.swift */,
				6B5926512CDE9FE30072A8E3 /* ChatBubble.swift */,
				6BCEC0602CE0CEEB0012AFCC /* ChatService.swift */,
				6B5926532CDEA0350072A8E3 /* ChatBubbleShape.swift */,
			);
			path = AIChat;
			sourceTree = "<group>";
		};
		6B8B21F12C999AB900EDB09B /* Admin */ = {
			isa = PBXGroup;
			children = (
				6B8B21ED2C99964D00EDB09B /* AdminLoginView.swift */,
				6B0038222C9A811A00BA27A3 /* AdminDashboardView.swift */,
				6B0038242C9A812B00BA27A3 /* AdminHomeView.swift */,
				6B0038262C9A815300BA27A3 /* AdminManageComplaintsView.swift */,
				6B0038282C9A818200BA27A3 /* AdminProfileView.swift */,
			);
			path = Admin;
			sourceTree = "<group>";
		};
		6B8B21F22C999AC500EDB09B /* Student */ = {
			isa = PBXGroup;
			children = (
				6B8B21F32C99AC2500EDB09B /* StudentTabView.swift */,
				6BCEC0632CE21CC50012AFCC /* StudentLogin */,
				6BCEC0622CE20B7F0012AFCC /* StudentSignUp */,
				6B59264D2CDE65020072A8E3 /* StudentHome */,
				6BCEC0682CE229BB0012AFCC /* StudentComplaint */,
				6BCEC0692CE229E60012AFCC /* StudentProfile */,
			);
			path = Student;
			sourceTree = "<group>";
		};
		6BCEC0622CE20B7F0012AFCC /* StudentSignUp */ = {
			isa = PBXGroup;
			children = (
				6B0038202C9A7E0B00BA27A3 /* SignUpModel.swift */,
				6B00381E2C9A7DEA00BA27A3 /* SignUpViewModel.swift */,
				6B0038182C9A2D3800BA27A3 /* StudentSignUpView.swift */,
			);
			path = StudentSignUp;
			sourceTree = "<group>";
		};
		6BCEC0632CE21CC50012AFCC /* StudentLogin */ = {
			isa = PBXGroup;
			children = (
				6B8B21EF2C99965A00EDB09B /* StudentLoginView.swift */,
				6BCEC0662CE223760012AFCC /* StudentLoginViewModel.swift */,
				6BCEC0642CE222530012AFCC /* StudentLoginModel.swift */,
			);
			path = StudentLogin;
			sourceTree = "<group>";
		};
		6BCEC0682CE229BB0012AFCC /* StudentComplaint */ = {
			isa = PBXGroup;
			children = (
				6BCEC06E2CE277D80012AFCC /* StudentComplaintDetailView.swift */,
				6BCEC0702CE29C990012AFCC /* OTPActions.swift */,
				6B8B21F72C99ADDC00EDB09B /* StudentComplaintBookView.swift */,
				6BCEC06A2CE25E310012AFCC /* StudentComplaintModel.swift */,
				6BCEC06C2CE25E990012AFCC /* StudentComplaintViewModel.swift */,
				6BCEC0722CE2C43E0012AFCC /* CreateComplaint.swift */,
			);
			path = StudentComplaint;
			sourceTree = "<group>";
		};
		6BCEC0692CE229E60012AFCC /* StudentProfile */ = {
			isa = PBXGroup;
			children = (
				6B8B21F92C99ADF000EDB09B /* StudentProfileView.swift */,
			);
			path = StudentProfile;
			sourceTree = "<group>";
		};
		6BDA10782C9979490081F36F = {
			isa = PBXGroup;
			children = (
				6BDA10832C9979490081F36F /* HostelManager */,
				6BDA10822C9979490081F36F /* Products */,
			);
			sourceTree = "<group>";
		};
		6BDA10822C9979490081F36F /* Products */ = {
			isa = PBXGroup;
			children = (
				6BDA10812C9979490081F36F /* HostelManager.app */,
			);
			name = Products;
			sourceTree = "<group>";
		};
		6BDA10832C9979490081F36F /* HostelManager */ = {
			isa = PBXGroup;
			children = (
				6BDA10922C9979CC0081F36F /* Model */,
				6BDA10942C9979EE0081F36F /* ViewModel */,
				6BDA10932C9979D60081F36F /* View */,
				6BDA10842C9979490081F36F /* HostelManagerApp.swift */,
				6BDA10862C9979490081F36F /* ContentView.swift */,
				6BDA10882C99794C0081F36F /* Assets.xcassets */,
				6BDA108A2C99794C0081F36F /* Preview Content */,
			);
			path = HostelManager;
			sourceTree = "<group>";
		};
		6BDA108A2C99794C0081F36F /* Preview Content */ = {
			isa = PBXGroup;
			children = (
				6BDA108B2C99794C0081F36F /* Preview Assets.xcassets */,
			);
			path = "Preview Content";
			sourceTree = "<group>";
		};
		6BDA10922C9979CC0081F36F /* Model */ = {
			isa = PBXGroup;
			children = (
				6B00382C2C9A83E800BA27A3 /* AdminHomeModel.swift */,
			);
			path = Model;
			sourceTree = "<group>";
		};
		6BDA10932C9979D60081F36F /* View */ = {
			isa = PBXGroup;
			children = (
				6B0038142C99CB5400BA27A3 /* PlayGroundView.swift */,
				6B8B21EB2C99936600EDB09B /* RoleSelectionView.swift */,
				6B8B21F22C999AC500EDB09B /* Student */,
				6B8B21F12C999AB900EDB09B /* Admin */,
			);
			path = View;
			sourceTree = "<group>";
		};
		6BDA10942C9979EE0081F36F /* ViewModel */ = {
			isa = PBXGroup;
			children = (
				6B00382A2C9A824100BA27A3 /* AdminHomeViewModel.swift */,
			);
			path = ViewModel;
			sourceTree = "<group>";
		};
/* End PBXGroup section */

/* Begin PBXNativeTarget section */
		6BDA10802C9979490081F36F /* HostelManager */ = {
			isa = PBXNativeTarget;
			buildConfigurationList = 6BDA108F2C99794C0081F36F /* Build configuration list for PBXNativeTarget "HostelManager" */;
			buildPhases = (
				6BDA107D2C9979490081F36F /* Sources */,
				6BDA107E2C9979490081F36F /* Frameworks */,
				6BDA107F2C9979490081F36F /* Resources */,
			);
			buildRules = (
			);
			dependencies = (
			);
			name = HostelManager;
			productName = HostelManager;
			productReference = 6BDA10812C9979490081F36F /* HostelManager.app */;
			productType = "com.apple.product-type.application";
		};
/* End PBXNativeTarget section */

/* Begin PBXProject section */
		6BDA10792C9979490081F36F /* Project object */ = {
			isa = PBXProject;
			attributes = {
				BuildIndependentTargetsInParallel = 1;
				LastSwiftUpdateCheck = 1420;
				LastUpgradeCheck = 1420;
				TargetAttributes = {
					6BDA10802C9979490081F36F = {
						CreatedOnToolsVersion = 14.2;
					};
				};
			};
			buildConfigurationList = 6BDA107C2C9979490081F36F /* Build configuration list for PBXProject "HostelManager" */;
			compatibilityVersion = "Xcode 14.0";
			developmentRegion = en;
			hasScannedForEncodings = 0;
			knownRegions = (
				en,
				Base,
			);
			mainGroup = 6BDA10782C9979490081F36F;
			productRefGroup = 6BDA10822C9979490081F36F /* Products */;
			projectDirPath = "";
			projectRoot = "";
			targets = (
				6BDA10802C9979490081F36F /* HostelManager */,
			);
		};
/* End PBXProject section */

/* Begin PBXResourcesBuildPhase section */
		6BDA107F2C9979490081F36F /* Resources */ = {
			isa = PBXResourcesBuildPhase;
			buildActionMask = 2147483647;
			files = (
				6BDA108C2C99794C0081F36F /* Preview Assets.xcassets in Resources */,
				6BDA10892C99794C0081F36F /* Assets.xcassets in Resources */,
			);
			runOnlyForDeploymentPostprocessing = 0;
		};
/* End PBXResourcesBuildPhase section */

/* Begin PBXSourcesBuildPhase section */
		6BDA107D2C9979490081F36F /* Sources */ = {
			isa = PBXSourcesBuildPhase;
			buildActionMask = 2147483647;
			files = (
				6B8B21EE2C99964D00EDB09B /* AdminLoginView.swift in Sources */,
				6BCEC06B2CE25E310012AFCC /* StudentComplaintModel.swift in Sources */,
				6B8B21F62C99ADC400EDB09B /* StudentHomeView.swift in Sources */,
				6B8B21F02C99965A00EDB09B /* StudentLoginView.swift in Sources */,
				6B00382D2C9A83E800BA27A3 /* AdminHomeModel.swift in Sources */,
				6B5926502CDE93290072A8E3 /* ChatView.swift in Sources */,
				6BCEC0652CE222530012AFCC /* StudentLoginModel.swift in Sources */,
				6B8B21EC2C99936600EDB09B /* RoleSelectionView.swift in Sources */,
				6BDA10872C9979490081F36F /* ContentView.swift in Sources */,
				6B8B21F82C99ADDC00EDB09B /* StudentComplaintBookView.swift in Sources */,
				6BCEC0612CE0CEEB0012AFCC /* ChatService.swift in Sources */,
				6BCEC0732CE2C43E0012AFCC /* CreateComplaint.swift in Sources */,
				6BCEC0672CE223760012AFCC /* StudentLoginViewModel.swift in Sources */,
				6BCEC06F2CE277D80012AFCC /* StudentComplaintDetailView.swift in Sources */,
				6B0038292C9A818200BA27A3 /* AdminProfileView.swift in Sources */,
				6B5926522CDE9FE40072A8E3 /* ChatBubble.swift in Sources */,
				6B00381F2C9A7DEA00BA27A3 /* SignUpViewModel.swift in Sources */,
				6B00381B2C9A765600BA27A3 /* StudentHomeModel.swift in Sources */,
				6B00381D2C9A76EA00BA27A3 /* StudentHomeViewModel.swift in Sources */,
				6B5926542CDEA0350072A8E3 /* ChatBubbleShape.swift in Sources */,
				6BDA10852C9979490081F36F /* HostelManagerApp.swift in Sources */,
				6B8B21FA2C99ADF000EDB09B /* StudentProfileView.swift in Sources */,
				6B8B21F42C99AC2500EDB09B /* StudentTabView.swift in Sources */,
				6B00382B2C9A824100BA27A3 /* AdminHomeViewModel.swift in Sources */,
				6B0038212C9A7E0B00BA27A3 /* SignUpModel.swift in Sources */,
				6B0038192C9A2D3800BA27A3 /* StudentSignUpView.swift in Sources */,
				6B0038152C99CB5400BA27A3 /* PlayGroundView.swift in Sources */,
				6B0038272C9A815300BA27A3 /* AdminManageComplaintsView.swift in Sources */,
				6B0038232C9A811A00BA27A3 /* AdminDashboardView.swift in Sources */,
				6BCEC06D2CE25E990012AFCC /* StudentComplaintViewModel.swift in Sources */,
				6BCEC0712CE29C990012AFCC /* OTPActions.swift in Sources */,
				6B0038252C9A812B00BA27A3 /* AdminHomeView.swift in Sources */,
			);
			runOnlyForDeploymentPostprocessing = 0;
		};
/* End PBXSourcesBuildPhase section */

/* Begin XCBuildConfiguration section */
		6BDA108D2C99794C0081F36F /* Debug */ = {
			isa = XCBuildConfiguration;
			buildSettings = {
				ALWAYS_SEARCH_USER_PATHS = NO;
				CLANG_ANALYZER_NONNULL = YES;
				CLANG_ANALYZER_NUMBER_OBJECT_CONVERSION = YES_AGGRESSIVE;
				CLANG_CXX_LANGUAGE_STANDARD = "gnu++20";
				CLANG_ENABLE_MODULES = YES;
				CLANG_ENABLE_OBJC_ARC = YES;
				CLANG_ENABLE_OBJC_WEAK = YES;
				CLANG_WARN_BLOCK_CAPTURE_AUTORELEASING = YES;
				CLANG_WARN_BOOL_CONVERSION = YES;
				CLANG_WARN_COMMA = YES;
				CLANG_WARN_CONSTANT_CONVERSION = YES;
				CLANG_WARN_DEPRECATED_OBJC_IMPLEMENTATIONS = YES;
				CLANG_WARN_DIRECT_OBJC_ISA_USAGE = YES_ERROR;
				CLANG_WARN_DOCUMENTATION_COMMENTS = YES;
				CLANG_WARN_EMPTY_BODY = YES;
				CLANG_WARN_ENUM_CONVERSION = YES;
				CLANG_WARN_INFINITE_RECURSION = YES;
				CLANG_WARN_INT_CONVERSION = YES;
				CLANG_WARN_NON_LITERAL_NULL_CONVERSION = YES;
				CLANG_WARN_OBJC_IMPLICIT_RETAIN_SELF = YES;
				CLANG_WARN_OBJC_LITERAL_CONVERSION = YES;
				CLANG_WARN_OBJC_ROOT_CLASS = YES_ERROR;
				CLANG_WARN_QUOTED_INCLUDE_IN_FRAMEWORK_HEADER = YES;
				CLANG_WARN_RANGE_LOOP_ANALYSIS = YES;
				CLANG_WARN_STRICT_PROTOTYPES = YES;
				CLANG_WARN_SUSPICIOUS_MOVE = YES;
				CLANG_WARN_UNGUARDED_AVAILABILITY = YES_AGGRESSIVE;
				CLANG_WARN_UNREACHABLE_CODE = YES;
				CLANG_WARN__DUPLICATE_METHOD_MATCH = YES;
				COPY_PHASE_STRIP = NO;
				DEBUG_INFORMATION_FORMAT = dwarf;
				ENABLE_STRICT_OBJC_MSGSEND = YES;
				ENABLE_TESTABILITY = YES;
				GCC_C_LANGUAGE_STANDARD = gnu11;
				GCC_DYNAMIC_NO_PIC = NO;
				GCC_NO_COMMON_BLOCKS = YES;
				GCC_OPTIMIZATION_LEVEL = 0;
				GCC_PREPROCESSOR_DEFINITIONS = (
					"DEBUG=1",
					"$(inherited)",
				);
				GCC_WARN_64_TO_32_BIT_CONVERSION = YES;
				GCC_WARN_ABOUT_RETURN_TYPE = YES_ERROR;
				GCC_WARN_UNDECLARED_SELECTOR = YES;
				GCC_WARN_UNINITIALIZED_AUTOS = YES_AGGRESSIVE;
				GCC_WARN_UNUSED_FUNCTION = YES;
				GCC_WARN_UNUSED_VARIABLE = YES;
				IPHONEOS_DEPLOYMENT_TARGET = 16.2;
				MTL_ENABLE_DEBUG_INFO = INCLUDE_SOURCE;
				MTL_FAST_MATH = YES;
				ONLY_ACTIVE_ARCH = YES;
				SDKROOT = iphoneos;
				SWIFT_ACTIVE_COMPILATION_CONDITIONS = DEBUG;
				SWIFT_OPTIMIZATION_LEVEL = "-Onone";
			};
			name = Debug;
		};
		6BDA108E2C99794C0081F36F /* Release */ = {
			isa = XCBuildConfiguration;
			buildSettings = {
				ALWAYS_SEARCH_USER_PATHS = NO;
				CLANG_ANALYZER_NONNULL = YES;
				CLANG_ANALYZER_NUMBER_OBJECT_CONVERSION = YES_AGGRESSIVE;
				CLANG_CXX_LANGUAGE_STANDARD = "gnu++20";
				CLANG_ENABLE_MODULES = YES;
				CLANG_ENABLE_OBJC_ARC = YES;
				CLANG_ENABLE_OBJC_WEAK = YES;
				CLANG_WARN_BLOCK_CAPTURE_AUTORELEASING = YES;
				CLANG_WARN_BOOL_CONVERSION = YES;
				CLANG_WARN_COMMA = YES;
				CLANG_WARN_CONSTANT_CONVERSION = YES;
				CLANG_WARN_DEPRECATED_OBJC_IMPLEMENTATIONS = YES;
				CLANG_WARN_DIRECT_OBJC_ISA_USAGE = YES_ERROR;
				CLANG_WARN_DOCUMENTATION_COMMENTS = YES;
				CLANG_WARN_EMPTY_BODY = YES;
				CLANG_WARN_ENUM_CONVERSION = YES;
				CLANG_WARN_INFINITE_RECURSION = YES;
				CLANG_WARN_INT_CONVERSION = YES;
				CLANG_WARN_NON_LITERAL_NULL_CONVERSION = YES;
				CLANG_WARN_OBJC_IMPLICIT_RETAIN_SELF = YES;
				CLANG_WARN_OBJC_LITERAL_CONVERSION = YES;
				CLANG_WARN_OBJC_ROOT_CLASS = YES_ERROR;
				CLANG_WARN_QUOTED_INCLUDE_IN_FRAMEWORK_HEADER = YES;
				CLANG_WARN_RANGE_LOOP_ANALYSIS = YES;
				CLANG_WARN_STRICT_PROTOTYPES = YES;
				CLANG_WARN_SUSPICIOUS_MOVE = YES;
				CLANG_WARN_UNGUARDED_AVAILABILITY = YES_AGGRESSIVE;
				CLANG_WARN_UNREACHABLE_CODE = YES;
				CLANG_WARN__DUPLICATE_METHOD_MATCH = YES;
				COPY_PHASE_STRIP = NO;
				DEBUG_INFORMATION_FORMAT = "dwarf-with-dsym";
				ENABLE_NS_ASSERTIONS = NO;
				ENABLE_STRICT_OBJC_MSGSEND = YES;
				GCC_C_LANGUAGE_STANDARD = gnu11;
				GCC_NO_COMMON_BLOCKS = YES;
				GCC_WARN_64_TO_32_BIT_CONVERSION = YES;
				GCC_WARN_ABOUT_RETURN_TYPE = YES_ERROR;
				GCC_WARN_UNDECLARED_SELECTOR = YES;
				GCC_WARN_UNINITIALIZED_AUTOS = YES_AGGRESSIVE;
				GCC_WARN_UNUSED_FUNCTION = YES;
				GCC_WARN_UNUSED_VARIABLE = YES;
				IPHONEOS_DEPLOYMENT_TARGET = 16.2;
				MTL_ENABLE_DEBUG_INFO = NO;
				MTL_FAST_MATH = YES;
				SDKROOT = iphoneos;
				SWIFT_COMPILATION_MODE = wholemodule;
				SWIFT_OPTIMIZATION_LEVEL = "-O";
				VALIDATE_PRODUCT = YES;
			};
			name = Release;
		};
		6BDA10902C99794C0081F36F /* Debug */ = {
			isa = XCBuildConfiguration;
			buildSettings = {
				ASSETCATALOG_COMPILER_APPICON_NAME = AppIcon;
				ASSETCATALOG_COMPILER_GLOBAL_ACCENT_COLOR_NAME = AccentColor;
				CODE_SIGN_STYLE = Automatic;
				CURRENT_PROJECT_VERSION = 1;
				DEVELOPMENT_ASSET_PATHS = "\"HostelManager/Preview Content\"";
				DEVELOPMENT_TEAM = HDZ2C7R44T;
				ENABLE_PREVIEWS = YES;
				GENERATE_INFOPLIST_FILE = YES;
				INFOPLIST_KEY_UIApplicationSceneManifest_Generation = YES;
				INFOPLIST_KEY_UIApplicationSupportsIndirectInputEvents = YES;
				INFOPLIST_KEY_UILaunchScreen_Generation = YES;
				INFOPLIST_KEY_UISupportedInterfaceOrientations_iPad = "UIInterfaceOrientationPortrait UIInterfaceOrientationPortraitUpsideDown UIInterfaceOrientationLandscapeLeft UIInterfaceOrientationLandscapeRight";
				INFOPLIST_KEY_UISupportedInterfaceOrientations_iPhone = "UIInterfaceOrientationPortrait UIInterfaceOrientationLandscapeLeft UIInterfaceOrientationLandscapeRight";
				LD_RUNPATH_SEARCH_PATHS = (
					"$(inherited)",
					"@executable_path/Frameworks",
				);
				MARKETING_VERSION = 1.0;
				PRODUCT_BUNDLE_IDENTIFIER = com.example.HostelManager;
				PRODUCT_NAME = "$(TARGET_NAME)";
				SWIFT_EMIT_LOC_STRINGS = YES;
				SWIFT_VERSION = 5.0;
				TARGETED_DEVICE_FAMILY = "1,2";
			};
			name = Debug;
		};
		6BDA10912C99794C0081F36F /* Release */ = {
			isa = XCBuildConfiguration;
			buildSettings = {
				ASSETCATALOG_COMPILER_APPICON_NAME = AppIcon;
				ASSETCATALOG_COMPILER_GLOBAL_ACCENT_COLOR_NAME = AccentColor;
				CODE_SIGN_STYLE = Automatic;
				CURRENT_PROJECT_VERSION = 1;
				DEVELOPMENT_ASSET_PATHS = "\"HostelManager/Preview Content\"";
				DEVELOPMENT_TEAM = HDZ2C7R44T;
				ENABLE_PREVIEWS = YES;
				GENERATE_INFOPLIST_FILE = YES;
				INFOPLIST_KEY_UIApplicationSceneManifest_Generation = YES;
				INFOPLIST_KEY_UIApplicationSupportsIndirectInputEvents = YES;
				INFOPLIST_KEY_UILaunchScreen_Generation = YES;
				INFOPLIST_KEY_UISupportedInterfaceOrientations_iPad = "UIInterfaceOrientationPortrait UIInterfaceOrientationPortraitUpsideDown UIInterfaceOrientationLandscapeLeft UIInterfaceOrientationLandscapeRight";
				INFOPLIST_KEY_UISupportedInterfaceOrientations_iPhone = "UIInterfaceOrientationPortrait UIInterfaceOrientationLandscapeLeft UIInterfaceOrientationLandscapeRight";
				LD_RUNPATH_SEARCH_PATHS = (
					"$(inherited)",
					"@executable_path/Frameworks",
				);
				MARKETING_VERSION = 1.0;
				PRODUCT_BUNDLE_IDENTIFIER = com.example.HostelManager;
				PRODUCT_NAME = "$(TARGET_NAME)";
				SWIFT_EMIT_LOC_STRINGS = YES;
				SWIFT_VERSION = 5.0;
				TARGETED_DEVICE_FAMILY = "1,2";
			};
			name = Release;
		};
/* End XCBuildConfiguration section */

/* Begin XCConfigurationList section */
		6BDA107C2C9979490081F36F /* Build configuration list for PBXProject "HostelManager" */ = {
			isa = XCConfigurationList;
			buildConfigurations = (
				6BDA108D2C99794C0081F36F /* Debug */,
				6BDA108E2C99794C0081F36F /* Release */,
			);
			defaultConfigurationIsVisible = 0;
			defaultConfigurationName = Release;
		};
		6BDA108F2C99794C0081F36F /* Build configuration list for PBXNativeTarget "HostelManager" */ = {
			isa = XCConfigurationList;
			buildConfigurations = (
				6BDA10902C99794C0081F36F /* Debug */,
				6BDA10912C99794C0081F36F /* Release */,
			);
			defaultConfigurationIsVisible = 0;
			defaultConfigurationName = Release;
		};
/* End XCConfigurationList section */
	};
	rootObject = 6BDA10792C9979490081F36F /* Project object */;
}
